
Microsoft Visual Studio Solution File, Format Version 12.00
# Visual Studio Version 17
VisualStudioVersion = 17.14.36429.23
MinimumVisualStudioVersion = 10.0.40219.1
Project("{FAE04EC0-301F-11D3-BF4B-00C04F79EFBC}") = "ControleDeMedicamentos.WebApp", "ControleDeMedicamentos.WebApp\ControleDeMedicamentos.WebApp.csproj", "{EB944E64-5519-4584-8358-DF0B4C8EA79B}"
EndProject
Project("{2150E333-8FDC-42A3-9474-1A3956D46DE8}") = "1. Apresentação", "1. Apresentação", "{02EA681E-C7D8-13C7-8484-4AC65E1B71E8}"
EndProject
Project("{2150E333-8FDC-42A3-9474-1A3956D46DE8}") = "2. Domínio", "2. Domínio", "{08B3E212-4187-4DBE-B813-85EE13876645}"
EndProject
Project("{2150E333-8FDC-42A3-9474-1A3956D46DE8}") = "3. Infraestrutura", "3. Infraestrutura", "{560F58A6-FC33-4AB4-B87D-ABDD7FFEB814}"
EndProject
Project("{FAE04EC0-301F-11D3-BF4B-00C04F79EFBC}") = "ControleDeMedicamentos.Dominio", "ControleDeMedicamentos.Dominio\ControleDeMedicamentos.Dominio.csproj", "{6E04A697-D14C-4D67-B3CB-C15EE41D665B}"
EndProject
Project("{FAE04EC0-301F-11D3-BF4B-00C04F79EFBC}") = "ControleDeMedicamentos.Infraestrutura.Arquivos", "ControleDeMedicamentos.Infraestrutura.Arquivos\ControleDeMedicamentos.Infraestrutura.Arquivos.csproj", "{B61E9EB2-A05E-4598-96E7-4BAF64767232}"
EndProject
Global
	GlobalSection(SolutionConfigurationPlatforms) = preSolution
		Debug|Any CPU = Debug|Any CPU
		Release|Any CPU = Release|Any CPU
	EndGlobalSection
	GlobalSection(ProjectConfigurationPlatforms) = postSolution
		{EB944E64-5519-4584-8358-DF0B4C8EA79B}.Debug|Any CPU.ActiveCfg = Debug|Any CPU
		{EB944E64-5519-4584-8358-DF0B4C8EA79B}.Debug|Any CPU.Build.0 = Debug|Any CPU
		{EB944E64-5519-4584-8358-DF0B4C8EA79B}.Release|Any CPU.ActiveCfg = Release|Any CPU
		{EB944E64-5519-4584-8358-DF0B4C8EA79B}.Release|Any CPU.Build.0 = Release|Any CPU
		{6E04A697-D14C-4D67-B3CB-C15EE41D665B}.Debug|Any CPU.ActiveCfg = Debug|Any CPU
		{6E04A697-D14C-4D67-B3CB-C15EE41D665B}.Debug|Any CPU.Build.0 = Debug|Any CPU
		{6E04A697-D14C-4D67-B3CB-C15EE41D665B}.Release|Any CPU.ActiveCfg = Release|Any CPU
		{6E04A697-D14C-4D67-B3CB-C15EE41D665B}.Release|Any CPU.Build.0 = Release|Any CPU
		{B61E9EB2-A05E-4598-96E7-4BAF64767232}.Debug|Any CPU.ActiveCfg = Debug|Any CPU
		{B61E9EB2-A05E-4598-96E7-4BAF64767232}.Debug|Any CPU.Build.0 = Debug|Any CPU
		{B61E9EB2-A05E-4598-96E7-4BAF64767232}.Release|Any CPU.ActiveCfg = Release|Any CPU
		{B61E9EB2-A05E-4598-96E7-4BAF64767232}.Release|Any CPU.Build.0 = Release|Any CPU
	EndGlobalSection
	GlobalSection(SolutionProperties) = preSolution
		HideSolutionNode = FALSE
	EndGlobalSection
	GlobalSection(NestedProjects) = preSolution
		{EB944E64-5519-4584-8358-DF0B4C8EA79B} = {02EA681E-C7D8-13C7-8484-4AC65E1B71E8}
		{6E04A697-D14C-4D67-B3CB-C15EE41D665B} = {08B3E212-4187-4DBE-B813-85EE13876645}
		{B61E9EB2-A05E-4598-96E7-4BAF64767232} = {560F58A6-FC33-4AB4-B87D-ABDD7FFEB814}
	EndGlobalSection
	GlobalSection(ExtensibilityGlobals) = postSolution
		SolutionGuid = {96286CB5-0FAD-4253-BED8-52C67F44AF47}
	EndGlobalSection
EndGlobal
